{
    "_meta": {
        "hash": {
            "sha256": "fdd7a902f107697b88de7732634d077b0035589e0684a2ca6a2a60036d4da8f4"
        },
        "pipfile-spec": 6,
        "requires": {
            "python_version": "3.7"
        },
        "sources": [
            {
                "name": "pypi",
                "url": "https://pypi.org/simple",
                "verify_ssl": true
            }
        ]
    },
    "default": {
        "environs": {
            "hashes": [
                "sha256:6a85140c3a608e8a287db7215dd3777f4e8d12648bc2c24609ca0c662993ba59",
                "sha256:c1d72abc5115f1096475ef2bc47b08893ac1e6dd5fc649063eefa8849fda00b6"
            ],
            "index": "pypi",
            "version": "==7.1.0"
        },
        "marshmallow": {
            "hashes": [
                "sha256:7669b944d6233b81f68739d5826f1176c3841cc31cf6b856841083b5a72f5ca9",
                "sha256:c9d277f6092f32300395fb83d343be9f61b5e99d66d22bae1e5e7cd82608fee6"
            ],
            "version": "==3.4.0"
        },
        "pyaes": {
            "hashes": [
                "sha256:02c1b1405c38d3c370b085fb952dd8bea3fadcee6411ad99f312cc129c536d8f"
            ],
            "version": "==1.6.1"
        },
        "pyasn1": {
            "hashes": [
                "sha256:39c7e2ec30515947ff4e87fb6f456dfc6e84857d34be479c9d4a4ba4bf46aa5d",
                "sha256:aef77c9fb94a3ac588e87841208bdec464471d9871bd5050a287cc9a475cd0ba"
            ],
            "version": "==0.4.8"
        },
        "python-dotenv": {
            "hashes": [
                "sha256:440c7c23d53b7d352f9c94d6f70860242c2f071cf5c029dd661ccb22d64ae42b",
                "sha256:f254bfd0c970d64ccbb6c9ebef3667ab301a71473569c991253a481f1c98dddc"
            ],
            "version": "==0.10.5"
        },
        "rsa": {
            "hashes": [
                "sha256:14ba45700ff1ec9eeb206a2ce76b32814958a98e372006c8fb76ba820211be66",
                "sha256:1a836406405730121ae9823e19c6e806c62bbad73f890574fff50efa4122c487"
            ],
            "version": "==4.0"
        },
        "telethon": {
            "hashes": [
                "sha256:126b392db57b83526e18779b7c6f4011789c2dd02377f64004afd0e0ce29a37e",
                "sha256:ae60df6fcb56f0eb386196512d23b3f964cefdcee67b4676616def9a0e2dbb65"
            ],
            "index": "pypi",
            "version": "==1.10.10"
        },
        "uvloop": {
            "hashes": [
                "sha256:08b109f0213af392150e2fe6f81d33261bb5ce968a288eb698aad4f46eb711bd",
                "sha256:123ac9c0c7dd71464f58f1b4ee0bbd81285d96cdda8bc3519281b8973e3a461e",
                "sha256:4315d2ec3ca393dd5bc0b0089d23101276778c304d42faff5dc4579cb6caef09",
                "sha256:4544dcf77d74f3a84f03dd6278174575c44c67d7165d4c42c71db3fdc3860726",
                "sha256:afd5513c0ae414ec71d24f6f123614a80f3d27ca655a4fcf6cabe50994cc1891",
                "sha256:b4f591aa4b3fa7f32fb51e2ee9fea1b495eb75b0b3c8d0ca52514ad675ae63f7",
                "sha256:bcac356d62edd330080aed082e78d4b580ff260a677508718f88016333e2c9c5",
                "sha256:e7514d7a48c063226b7d06617cbb12a14278d4323a065a8d46a7962686ce2e95",
                "sha256:f07909cd9fc08c52d294b1570bba92186181ca01fe3dc9ffba68955273dd7362"
            ],
            "index": "pypi",
            "version": "==0.14.0"
        }
    },
    "develop": {}
}
