{
    "_meta": {
        "hash": {
            "sha256": "fdd7a902f107697b88de7732634d077b0035589e0684a2ca6a2a60036d4da8f4"
        },
        "pipfile-spec": 6,
        "requires": {
            "python_version": "3.7"
        },
        "sources": [
            {
                "name": "pypi",
                "url": "https://pypi.org/simple",
                "verify_ssl": true
            }
        ]
    },
    "default": {
        "async-generator": {
            "hashes": [
                "sha256:01c7bf666359b4967d2cda0000cc2e4af16a0ae098cbffcb8472fb9e8ad6585b",
                "sha256:6ebb3d106c12920aaae42ccb6f787ef5eefdcdd166ea3d628fa8476abe712144"
            ],
            "version": "==1.10"
        },
        "environs": {
            "hashes": [
                "sha256:11bbc9bf031069a6a877ba021080738bf920e913b9142f3507d07aaac392f261",
                "sha256:f7a34a7361927dc1457565ccafe2d11b371fba4ea3322a7d015e462da9a9c2d4"
            ],
            "index": "pypi",
            "version": "==4.0.0"
        },
        "marshmallow": {
            "hashes": [
                "sha256:a2052f62b18f6dad520f465e437f63ab8812423975d48b9ebd30a735466e782a",
                "sha256:e1b79eb3b815b49918c64114dda691b8767b48a1f66dd1d8c0cd5842b74257c2"
            ],
            "version": "==2.16.3"
        },
        "pyaes": {
            "hashes": [
                "sha256:02c1b1405c38d3c370b085fb952dd8bea3fadcee6411ad99f312cc129c536d8f"
            ],
            "version": "==1.6.1"
        },
        "pyasn1": {
            "hashes": [
                "sha256:b9d3abc5031e61927c82d4d96c1cec1e55676c1a991623cfed28faea73cdd7ca",
                "sha256:f58f2a3d12fd754aa123e9fa74fb7345333000a035f3921dbdaa08597aa53137"
            ],
            "version": "==0.4.4"
        },
        "python-dotenv": {
            "hashes": [
                "sha256:122290a38ece9fe4f162dc7c95cae3357b983505830a154d3c98ef7f6c6cea77",
                "sha256:4a205787bc829233de2a823aa328e44fd9996fedb954989a21f1fc67c13d7a77"
            ],
            "version": "==0.9.1"
        },
        "rsa": {
            "hashes": [
                "sha256:14ba45700ff1ec9eeb206a2ce76b32814958a98e372006c8fb76ba820211be66",
                "sha256:1a836406405730121ae9823e19c6e806c62bbad73f890574fff50efa4122c487"
            ],
            "version": "==4.0"
        },
        "telethon": {
            "hashes": [
                "sha256:657ad10bb5cb56590558097cd240a771001823081718e8ff1d3666e9f8388d36",
                "sha256:de6157fc3eb3ce3e29b4312a72c382a0d97703c82710b0e2378b48fc9d6796b8"
            ],
            "index": "pypi",
            "version": "==1.4.2"
        },
        "uvloop": {
            "hashes": [
                "sha256:159331750bfce6f0f2bd227fd5e3ccb8db8d2bbe08e84b9db5b6c647f651f5c0",
                "sha256:1cf6c111a19f782813ca57fa51a993978f4686de5e3ab5746bcd57af1a3ae4f8",
                "sha256:48da0b548a341c1add4c7bc9dd453a9e9feb3b260c6055751fe6c209f957aeda",
                "sha256:6549c9384a0256c97628f7a000b647e9496f7f8b211736f2e0b6858a738006bd",
                "sha256:708654c8e445f92160fc9e5c93387ca73f38904632527e5d38eb13eaa4fd0a12",
                "sha256:8b53ed6d07b3aa8c8255d2f9fcaf7107cd4949c6892fa561472021ecec205764",
                "sha256:8f92c4ae4fcf497ca48e5d2f2032b1eabd48878b7a46b7748dfa8d607ef250b1",
                "sha256:951331edad369cb9c000085e31da6bbb8af8ab791a726f7b29a608ccd79a6b74",
                "sha256:ab435a1ba78931ca8694a58478a7449b481c8442789e3420f31a593794c1c481",
                "sha256:fd5042d0a2ea07b92d0e2190f7711feb91cde31cf2bf1829e2e8c4c0fdd1f1aa"
            ],
            "index": "pypi",
            "version": "==0.11.3"
        }
    },
    "develop": {}
}
